
Microsoft Visual Studio Solution File, Format Version 12.00
# Visual Studio Version 17
VisualStudioVersion = 17.12.35527.113
MinimumVisualStudioVersion = 10.0.40219.1
Project("{FAE04EC0-301F-11D3-BF4B-00C04F79EFBC}") = "Practice_Concurrency", "Practice_Concurrency\Practice_Concurrency.csproj", "{E179D010-0EC2-450B-A8E6-67CBCB7041E1}"
EndProject
Project("{FAE04EC0-301F-11D3-BF4B-00C04F79EFBC}") = "Task2_20250405", "Task2_20250405\Task2_20250405.csproj", "{5968ED08-CD92-4B47-84B1-56DF0CCBA935}"
EndProject
Global
	GlobalSection(SolutionConfigurationPlatforms) = preSolution
		Debug|Any CPU = Debug|Any CPU
		Release|Any CPU = Release|Any CPU
	EndGlobalSection
	GlobalSection(ProjectConfigurationPlatforms) = postSolution
		{E179D010-0EC2-450B-A8E6-67CBCB7041E1}.Debug|Any CPU.ActiveCfg = Debug|Any CPU
		{E179D010-0EC2-450B-A8E6-67CBCB7041E1}.Debug|Any CPU.Build.0 = Debug|Any CPU
		{E179D010-0EC2-450B-A8E6-67CBCB7041E1}.Release|Any CPU.ActiveCfg = Release|Any CPU
		{E179D010-0EC2-450B-A8E6-67CBCB7041E1}.Release|Any CPU.Build.0 = Release|Any CPU
		{5968ED08-CD92-4B47-84B1-56DF0CCBA935}.Debug|Any CPU.ActiveCfg = Debug|Any CPU
		{5968ED08-CD92-4B47-84B1-56DF0CCBA935}.Debug|Any CPU.Build.0 = Debug|Any CPU
		{5968ED08-CD92-4B47-84B1-56DF0CCBA935}.Release|Any CPU.ActiveCfg = Release|Any CPU
		{5968ED08-CD92-4B47-84B1-56DF0CCBA935}.Release|Any CPU.Build.0 = Release|Any CPU
	EndGlobalSection
	GlobalSection(SolutionProperties) = preSolution
		HideSolutionNode = FALSE
	EndGlobalSection
EndGlobal
